
Microsoft Visual Studio Solution File, Format Version 12.00
# Visual Studio Version 17
VisualStudioVersion = 17.11.35327.3
MinimumVisualStudioVersion = 10.0.40219.1
Project("{FAE04EC0-301F-11D3-BF4B-00C04F79EFBC}") = "ApiProdutosDotnet", "ApiProdutosDotnet\ApiProdutosDotnet.csproj", "{69806B43-67F5-4FF4-A359-A23A80FE59A1}"
EndProject
Global
	GlobalSection(SolutionConfigurationPlatforms) = preSolution
		Debug|Any CPU = Debug|Any CPU
		Release|Any CPU = Release|Any CPU
	EndGlobalSection
	GlobalSection(ProjectConfigurationPlatforms) = postSolution
		{69806B43-67F5-4FF4-A359-A23A80FE59A1}.Debug|Any CPU.ActiveCfg = Debug|Any CPU
		{69806B43-67F5-4FF4-A359-A23A80FE59A1}.Debug|Any CPU.Build.0 = Debug|Any CPU
		{69806B43-67F5-4FF4-A359-A23A80FE59A1}.Release|Any CPU.ActiveCfg = Release|Any CPU
		{69806B43-67F5-4FF4-A359-A23A80FE59A1}.Release|Any CPU.Build.0 = Release|Any CPU
	EndGlobalSection
	GlobalSection(SolutionProperties) = preSolution
		HideSolutionNode = FALSE
	EndGlobalSection
	GlobalSection(ExtensibilityGlobals) = postSolution
		SolutionGuid = {22A7D393-1655-4DE8-B3C2-4121B4DE37B5}
	EndGlobalSection
EndGlobal
